PODS:
  - clipboard_manager (0.0.3):
    - Flutter
  - Flutter (1.0.0)
  - path_provider (0.0.1):
    - Flutter
  - share (0.0.1):
    - Flutter

DEPENDENCIES:
  - clipboard_manager (from `.symlinks/plugins/clipboard_manager/ios`)
  - Flutter (from `Flutter`)
  - path_provider (from `.symlinks/plugins/path_provider/ios`)
  - share (from `.symlinks/plugins/share/ios`)

EXTERNAL SOURCES:
  clipboard_manager:
    :path: ".symlinks/plugins/clipboard_manager/ios"
  Flutter:
    :path: Flutter
  path_provider:
    :path: ".symlinks/plugins/path_provider/ios"
  share:
    :path: ".symlinks/plugins/share/ios"

SPEC CHECKSUMS:
  clipboard_manager: f4800834e62cc26b1cc4e0a92a35cd452dd8b827
  Flutter: 0e3d915762c693b495b44d77113d4970485de6ec
  path_provider: abfe2b5c733d04e238b0d8691db0cfd63a27a93c
  share: 0b2c3e82132f5888bccca3351c504d0003b3b410

PODFILE CHECKSUM: aafe91acc616949ddb318b77800a7f51bffa2a4c

COCOAPODS: 1.9.3
